
Microsoft Visual Studio Solution File, Format Version 12.00
# Visual Studio 15
VisualStudioVersion = 15.0.28307.572
MinimumVisualStudioVersion = 10.0.40219.1
Project("{FAE04EC0-301F-11D3-BF4B-00C04F79EFBC}") = "HelloWFC-BasicAppSettingUp", "HelloWFC-BasicAppSettingUp\HelloWFC-BasicAppSettingUp.csproj", "{8A1A11F4-632B-4F9F-8CDE-EB8B071CDB0A}"
EndProject
Project("{FAE04EC0-301F-11D3-BF4B-00C04F79EFBC}") = "WCF-TestClient", "WCF-TestClient\WCF-TestClient.csproj", "{46BBF8AF-6035-4845-8E15-EEA91E042825}"
	ProjectSection(ProjectDependencies) = postProject
		{8A1A11F4-632B-4F9F-8CDE-EB8B071CDB0A} = {8A1A11F4-632B-4F9F-8CDE-EB8B071CDB0A}
	EndProjectSection
EndProject
Global
	GlobalSection(SolutionConfigurationPlatforms) = preSolution
		Debug|Any CPU = Debug|Any CPU
		Release|Any CPU = Release|Any CPU
	EndGlobalSection
	GlobalSection(ProjectConfigurationPlatforms) = postSolution
		{8A1A11F4-632B-4F9F-8CDE-EB8B071CDB0A}.Debug|Any CPU.ActiveCfg = Debug|Any CPU
		{8A1A11F4-632B-4F9F-8CDE-EB8B071CDB0A}.Debug|Any CPU.Build.0 = Debug|Any CPU
		{8A1A11F4-632B-4F9F-8CDE-EB8B071CDB0A}.Release|Any CPU.ActiveCfg = Release|Any CPU
		{8A1A11F4-632B-4F9F-8CDE-EB8B071CDB0A}.Release|Any CPU.Build.0 = Release|Any CPU
		{46BBF8AF-6035-4845-8E15-EEA91E042825}.Debug|Any CPU.ActiveCfg = Debug|Any CPU
		{46BBF8AF-6035-4845-8E15-EEA91E042825}.Debug|Any CPU.Build.0 = Debug|Any CPU
		{46BBF8AF-6035-4845-8E15-EEA91E042825}.Release|Any CPU.ActiveCfg = Release|Any CPU
		{46BBF8AF-6035-4845-8E15-EEA91E042825}.Release|Any CPU.Build.0 = Release|Any CPU
	EndGlobalSection
	GlobalSection(SolutionProperties) = preSolution
		HideSolutionNode = FALSE
	EndGlobalSection
	GlobalSection(ExtensibilityGlobals) = postSolution
		SolutionGuid = {48AC0152-F445-47A3-B969-BB2703E4A14A}
	EndGlobalSection
EndGlobal
